// !$*UTF8*$!
{
	archiveVersion = 1;
	classes = {
	};
	objectVersion = 46;
	objects = {

/* Begin PBXBuildFile section */
		7D21A70E1B66C0DE00CF9128 /* AppDelegate.swift in Sources */ = {isa = PBXBuildFile; fileRef = 7D21A70D1B66C0DE00CF9128 /* AppDelegate.swift */; };
		7D21A7101B66C0DE00CF9128 /* ViewController.swift in Sources */ = {isa = PBXBuildFile; fileRef = 7D21A70F1B66C0DE00CF9128 /* ViewController.swift */; };
		7D21A7131B66C0DE00CF9128 /* Main.storyboard in Resources */ = {isa = PBXBuildFile; fileRef = 7D21A7111B66C0DE00CF9128 /* Main.storyboard */; };
		7D21A7151B66C0DE00CF9128 /* Assets.xcassets in Resources */ = {isa = PBXBuildFile; fileRef = 7D21A7141B66C0DE00CF9128 /* Assets.xcassets */; };
		7D21A7181B66C0DE00CF9128 /* LaunchScreen.storyboard in Resources */ = {isa = PBXBuildFile; fileRef = 7D21A7161B66C0DE00CF9128 /* LaunchScreen.storyboard */; };
		7D21A72E1B66C0DE00CF9128 /* Rain_ShieldUITests.swift in Sources */ = {isa = PBXBuildFile; fileRef = 7D21A72D1B66C0DE00CF9128 /* Rain_ShieldUITests.swift */; };
		7D21A73D1B66C73100CF9128 /* LocationProvider.swift in Sources */ = {isa = PBXBuildFile; fileRef = 7D21A73C1B66C73100CF9128 /* LocationProvider.swift */; };
		7D21A73F1B66C79500CF9128 /* CoreLocation.framework in Frameworks */ = {isa = PBXBuildFile; fileRef = 7D21A73E1B66C79500CF9128 /* CoreLocation.framework */; };
		7D21A7451B677F5100CF9128 /* InfoPlist.strings in Resources */ = {isa = PBXBuildFile; fileRef = 7D21A7471B677F5100CF9128 /* InfoPlist.strings */; };
		7D21A74A1B677FB200CF9128 /* Localizable.strings in Resources */ = {isa = PBXBuildFile; fileRef = 7D21A74C1B677FB200CF9128 /* Localizable.strings */; };
		7D21A7511B6781BC00CF9128 /* LocalizationHelper.swift in Sources */ = {isa = PBXBuildFile; fileRef = 7D21A7501B6781BC00CF9128 /* LocalizationHelper.swift */; };
		7D21A7531B679C6000CF9128 /* ErrorHelper.swift in Sources */ = {isa = PBXBuildFile; fileRef = 7D21A7521B679C6000CF9128 /* ErrorHelper.swift */; };
		7D21A7551B67B25000CF9128 /* LocationProviderTests.swift in Sources */ = {isa = PBXBuildFile; fileRef = 7D21A7541B67B25000CF9128 /* LocationProviderTests.swift */; };
		7D21A7581B67B2DF00CF9128 /* LocationManagerMock.swift in Sources */ = {isa = PBXBuildFile; fileRef = 7D21A7571B67B2DF00CF9128 /* LocationManagerMock.swift */; };
		7D21A7591B67B3C500CF9128 /* CoreLocation.framework in Frameworks */ = {isa = PBXBuildFile; fileRef = 7D21A73E1B66C79500CF9128 /* CoreLocation.framework */; };
		7D21A75C1B67BE5900CF9128 /* LocationProviderDelegateTester.swift in Sources */ = {isa = PBXBuildFile; fileRef = 7D21A75B1B67BE5900CF9128 /* LocationProviderDelegateTester.swift */; };
		7D21A7641B67D64600CF9128 /* AddressBook.framework in Frameworks */ = {isa = PBXBuildFile; fileRef = 7D21A7631B67D64600CF9128 /* AddressBook.framework */; };
		7D21A7681B67DABC00CF9128 /* CityTests.swift in Sources */ = {isa = PBXBuildFile; fileRef = 7D21A7671B67DABC00CF9128 /* CityTests.swift */; };
		7D56C3A41B690AD2001D5C69 /* WeatherPresenter.swift in Sources */ = {isa = PBXBuildFile; fileRef = 7D56C3A31B690AD2001D5C69 /* WeatherPresenter.swift */; };
		7D76B1B61B6843F1006778DA /* City.swift in Sources */ = {isa = PBXBuildFile; fileRef = 7D76B1B51B6843F1006778DA /* City.swift */; };
		7D76B1B81B684422006778DA /* ForecastItem.swift in Sources */ = {isa = PBXBuildFile; fileRef = 7D76B1B71B684422006778DA /* ForecastItem.swift */; };
		7D76B1BA1B68484C006778DA /* WeatherForecastProviderTests.swift in Sources */ = {isa = PBXBuildFile; fileRef = 7D76B1B91B68484C006778DA /* WeatherForecastProviderTests.swift */; };
		7D76B1BC1B684940006778DA /* WeatherForecastResponse.json in Resources */ = {isa = PBXBuildFile; fileRef = 7D76B1BB1B684940006778DA /* WeatherForecastResponse.json */; };
		7D76B1C01B68C650006778DA /* HTTPStubHelper.swift in Sources */ = {isa = PBXBuildFile; fileRef = 7D76B1BF1B68C650006778DA /* HTTPStubHelper.swift */; };
		7D76B1C21B68D9FC006778DA /* Prophet.swift in Sources */ = {isa = PBXBuildFile; fileRef = 7D76B1C11B68D9FC006778DA /* Prophet.swift */; };
		7D76B1C41B68E522006778DA /* ProphetTests.swift in Sources */ = {isa = PBXBuildFile; fileRef = 7D76B1C31B68E522006778DA /* ProphetTests.swift */; };
		7D76B1C61B68E585006778DA /* DateHelper.swift in Sources */ = {isa = PBXBuildFile; fileRef = 7D76B1C51B68E585006778DA /* DateHelper.swift */; };
		7D76B1C81B68EC29006778DA /* ForecastItemTests.swift in Sources */ = {isa = PBXBuildFile; fileRef = 7D76B1C71B68EC29006778DA /* ForecastItemTests.swift */; };
		7DEF25ED1B67E93D00BDC8C5 /* MapKit.framework in Frameworks */ = {isa = PBXBuildFile; fileRef = 7DEF25EC1B67E93D00BDC8C5 /* MapKit.framework */; };
		7DEF25F11B67FCE500BDC8C5 /* WeatherForecastProvider.swift in Sources */ = {isa = PBXBuildFile; fileRef = 7DEF25F01B67FCE500BDC8C5 /* WeatherForecastProvider.swift */; };
		7DEF25F31B67FD5300BDC8C5 /* WeatherForecast.swift in Sources */ = {isa = PBXBuildFile; fileRef = 7DEF25F21B67FD5300BDC8C5 /* WeatherForecast.swift */; };
		7DEF25F61B67FECB00BDC8C5 /* NetworkManager.swift in Sources */ = {isa = PBXBuildFile; fileRef = 7DEF25F51B67FECB00BDC8C5 /* NetworkManager.swift */; };
		7DEF25F81B6807EA00BDC8C5 /* WeatherURLBuilder.swift in Sources */ = {isa = PBXBuildFile; fileRef = 7DEF25F71B6807EA00BDC8C5 /* WeatherURLBuilder.swift */; };
		7DEF25FA1B68140700BDC8C5 /* WeatherURLBuilderTests.swift in Sources */ = {isa = PBXBuildFile; fileRef = 7DEF25F91B68140700BDC8C5 /* WeatherURLBuilderTests.swift */; };
		B0308E60B7453B73DD43462E /* Pods.framework in Frameworks */ = {isa = PBXBuildFile; fileRef = 103EC766695AC2D991B447DE /* Pods.framework */; settings = {ATTRIBUTES = (Weak, ); }; };
/* End PBXBuildFile section */

/* Begin PBXContainerItemProxy section */
		7D21A71F1B66C0DE00CF9128 /* PBXContainerItemProxy */ = {
			isa = PBXContainerItemProxy;
			containerPortal = 7D21A7021B66C0DE00CF9128 /* Project object */;
			proxyType = 1;
			remoteGlobalIDString = 7D21A7091B66C0DE00CF9128;
			remoteInfo = "Rain Shield";
		};
		7D21A72A1B66C0DE00CF9128 /* PBXContainerItemProxy */ = {
			isa = PBXContainerItemProxy;
			containerPortal = 7D21A7021B66C0DE00CF9128 /* Project object */;
			proxyType = 1;
			remoteGlobalIDString = 7D21A7091B66C0DE00CF9128;
			remoteInfo = "Rain Shield";
		};
/* End PBXContainerItemProxy section */

/* Begin PBXFileReference section */
		09B1A9B36DE4569019DF901E /* Pods.release.xcconfig */ = {isa = PBXFileReference; includeInIndex = 1; lastKnownFileType = text.xcconfig; name = Pods.release.xcconfig; path = "Pods/Target Support Files/Pods/Pods.release.xcconfig"; sourceTree = "<group>"; };
		103EC766695AC2D991B447DE /* Pods.framework */ = {isa = PBXFileReference; explicitFileType = wrapper.framework; includeInIndex = 0; path = Pods.framework; sourceTree = BUILT_PRODUCTS_DIR; };
		7D21A70A1B66C0DE00CF9128 /* Rain Shield.app */ = {isa = PBXFileReference; explicitFileType = wrapper.application; includeInIndex = 0; path = "Rain Shield.app"; sourceTree = BUILT_PRODUCTS_DIR; };
		7D21A70D1B66C0DE00CF9128 /* AppDelegate.swift */ = {isa = PBXFileReference; lastKnownFileType = sourcecode.swift; path = AppDelegate.swift; sourceTree = "<group>"; };
		7D21A70F1B66C0DE00CF9128 /* ViewController.swift */ = {isa = PBXFileReference; lastKnownFileType = sourcecode.swift; path = ViewController.swift; sourceTree = "<group>"; };
		7D21A7121B66C0DE00CF9128 /* Base */ = {isa = PBXFileReference; lastKnownFileType = file.storyboard; name = Base; path = Base.lproj/Main.storyboard; sourceTree = "<group>"; };
		7D21A7141B66C0DE00CF9128 /* Assets.xcassets */ = {isa = PBXFileReference; lastKnownFileType = folder.assetcatalog; path = Assets.xcassets; sourceTree = "<group>"; };
		7D21A7171B66C0DE00CF9128 /* Base */ = {isa = PBXFileReference; lastKnownFileType = file.storyboard; name = Base; path = Base.lproj/LaunchScreen.storyboard; sourceTree = "<group>"; };
		7D21A7191B66C0DE00CF9128 /* Info.plist */ = {isa = PBXFileReference; lastKnownFileType = text.plist.xml; path = Info.plist; sourceTree = "<group>"; };
		7D21A71E1B66C0DE00CF9128 /* Rain ShieldTests.xctest */ = {isa = PBXFileReference; explicitFileType = wrapper.cfbundle; includeInIndex = 0; path = "Rain ShieldTests.xctest"; sourceTree = BUILT_PRODUCTS_DIR; };
		7D21A7241B66C0DE00CF9128 /* Info.plist */ = {isa = PBXFileReference; lastKnownFileType = text.plist.xml; path = Info.plist; sourceTree = "<group>"; };
		7D21A7291B66C0DE00CF9128 /* Rain ShieldUITests.xctest */ = {isa = PBXFileReference; explicitFileType = wrapper.cfbundle; includeInIndex = 0; path = "Rain ShieldUITests.xctest"; sourceTree = BUILT_PRODUCTS_DIR; };
		7D21A72D1B66C0DE00CF9128 /* Rain_ShieldUITests.swift */ = {isa = PBXFileReference; lastKnownFileType = sourcecode.swift; path = Rain_ShieldUITests.swift; sourceTree = "<group>"; };
		7D21A72F1B66C0DE00CF9128 /* Info.plist */ = {isa = PBXFileReference; lastKnownFileType = text.plist.xml; path = Info.plist; sourceTree = "<group>"; };
		7D21A73C1B66C73100CF9128 /* LocationProvider.swift */ = {isa = PBXFileReference; fileEncoding = 4; lastKnownFileType = sourcecode.swift; name = LocationProvider.swift; path = Models/LocationProvider.swift; sourceTree = "<group>"; };
		7D21A73E1B66C79500CF9128 /* CoreLocation.framework */ = {isa = PBXFileReference; lastKnownFileType = wrapper.framework; name = CoreLocation.framework; path = System/Library/Frameworks/CoreLocation.framework; sourceTree = SDKROOT; };
		7D21A7461B677F5100CF9128 /* en */ = {isa = PBXFileReference; lastKnownFileType = text.plist.strings; name = en; path = en.lproj/InfoPlist.strings; sourceTree = "<group>"; };
		7D21A74B1B677FB200CF9128 /* en */ = {isa = PBXFileReference; lastKnownFileType = text.plist.strings; name = en; path = en.lproj/Localizable.strings; sourceTree = "<group>"; };
		7D21A7501B6781BC00CF9128 /* LocalizationHelper.swift */ = {isa = PBXFileReference; fileEncoding = 4; lastKnownFileType = sourcecode.swift; name = LocalizationHelper.swift; path = Helpers/LocalizationHelper.swift; sourceTree = "<group>"; };
		7D21A7521B679C6000CF9128 /* ErrorHelper.swift */ = {isa = PBXFileReference; fileEncoding = 4; lastKnownFileType = sourcecode.swift; path = ErrorHelper.swift; sourceTree = "<group>"; };
		7D21A7541B67B25000CF9128 /* LocationProviderTests.swift */ = {isa = PBXFileReference; fileEncoding = 4; lastKnownFileType = sourcecode.swift; path = LocationProviderTests.swift; sourceTree = "<group>"; };
		7D21A7571B67B2DF00CF9128 /* LocationManagerMock.swift */ = {isa = PBXFileReference; fileEncoding = 4; lastKnownFileType = sourcecode.swift; name = LocationManagerMock.swift; path = Mocks/LocationManagerMock.swift; sourceTree = "<group>"; };
		7D21A75B1B67BE5900CF9128 /* LocationProviderDelegateTester.swift */ = {isa = PBXFileReference; fileEncoding = 4; lastKnownFileType = sourcecode.swift; name = LocationProviderDelegateTester.swift; path = Helpers/LocationProviderDelegateTester.swift; sourceTree = "<group>"; };
		7D21A7631B67D64600CF9128 /* AddressBook.framework */ = {isa = PBXFileReference; lastKnownFileType = wrapper.framework; name = AddressBook.framework; path = System/Library/Frameworks/AddressBook.framework; sourceTree = SDKROOT; };
		7D21A7671B67DABC00CF9128 /* CityTests.swift */ = {isa = PBXFileReference; fileEncoding = 4; lastKnownFileType = sourcecode.swift; path = CityTests.swift; sourceTree = "<group>"; };
		7D56C3A31B690AD2001D5C69 /* WeatherPresenter.swift */ = {isa = PBXFileReference; fileEncoding = 4; lastKnownFileType = sourcecode.swift; path = WeatherPresenter.swift; sourceTree = "<group>"; };
		7D76B1B51B6843F1006778DA /* City.swift */ = {isa = PBXFileReference; fileEncoding = 4; lastKnownFileType = sourcecode.swift; path = City.swift; sourceTree = "<group>"; };
		7D76B1B71B684422006778DA /* ForecastItem.swift */ = {isa = PBXFileReference; fileEncoding = 4; lastKnownFileType = sourcecode.swift; path = ForecastItem.swift; sourceTree = "<group>"; };
		7D76B1B91B68484C006778DA /* WeatherForecastProviderTests.swift */ = {isa = PBXFileReference; fileEncoding = 4; lastKnownFileType = sourcecode.swift; path = WeatherForecastProviderTests.swift; sourceTree = "<group>"; };
		7D76B1BB1B684940006778DA /* WeatherForecastResponse.json */ = {isa = PBXFileReference; fileEncoding = 4; lastKnownFileType = text.json; name = WeatherForecastResponse.json; path = HTTPResponses/WeatherForecastResponse.json; sourceTree = "<group>"; };
		7D76B1BE1B68C500006778DA /* Rain_Shield-Tests-Bridging-Header.h */ = {isa = PBXFileReference; lastKnownFileType = sourcecode.c.h; path = "Rain_Shield-Tests-Bridging-Header.h"; sourceTree = "<group>"; };
		7D76B1BF1B68C650006778DA /* HTTPStubHelper.swift */ = {isa = PBXFileReference; fileEncoding = 4; lastKnownFileType = sourcecode.swift; path = HTTPStubHelper.swift; sourceTree = "<group>"; };
		7D76B1C11B68D9FC006778DA /* Prophet.swift */ = {isa = PBXFileReference; fileEncoding = 4; lastKnownFileType = sourcecode.swift; path = Prophet.swift; sourceTree = "<group>"; };
		7D76B1C31B68E522006778DA /* ProphetTests.swift */ = {isa = PBXFileReference; fileEncoding = 4; lastKnownFileType = sourcecode.swift; path = ProphetTests.swift; sourceTree = "<group>"; };
		7D76B1C51B68E585006778DA /* DateHelper.swift */ = {isa = PBXFileReference; fileEncoding = 4; lastKnownFileType = sourcecode.swift; path = DateHelper.swift; sourceTree = "<group>"; };
		7D76B1C71B68EC29006778DA /* ForecastItemTests.swift */ = {isa = PBXFileReference; fileEncoding = 4; lastKnownFileType = sourcecode.swift; path = ForecastItemTests.swift; sourceTree = "<group>"; };
		7DEF25EC1B67E93D00BDC8C5 /* MapKit.framework */ = {isa = PBXFileReference; lastKnownFileType = wrapper.framework; name = MapKit.framework; path = System/Library/Frameworks/MapKit.framework; sourceTree = SDKROOT; };
		7DEF25F01B67FCE500BDC8C5 /* WeatherForecastProvider.swift */ = {isa = PBXFileReference; fileEncoding = 4; lastKnownFileType = sourcecode.swift; name = WeatherForecastProvider.swift; path = Models/WeatherForecastProvider.swift; sourceTree = "<group>"; };
		7DEF25F21B67FD5300BDC8C5 /* WeatherForecast.swift */ = {isa = PBXFileReference; fileEncoding = 4; lastKnownFileType = sourcecode.swift; name = WeatherForecast.swift; path = Models/Data/WeatherForecast.swift; sourceTree = "<group>"; };
		7DEF25F51B67FECB00BDC8C5 /* NetworkManager.swift */ = {isa = PBXFileReference; fileEncoding = 4; lastKnownFileType = sourcecode.swift; name = NetworkManager.swift; path = Models/NetworkManager.swift; sourceTree = "<group>"; };
		7DEF25F71B6807EA00BDC8C5 /* WeatherURLBuilder.swift */ = {isa = PBXFileReference; fileEncoding = 4; lastKnownFileType = sourcecode.swift; path = WeatherURLBuilder.swift; sourceTree = "<group>"; };
		7DEF25F91B68140700BDC8C5 /* WeatherURLBuilderTests.swift */ = {isa = PBXFileReference; fileEncoding = 4; lastKnownFileType = sourcecode.swift; path = WeatherURLBuilderTests.swift; sourceTree = "<group>"; };
		B58F0DE8E1CEBDD4C2E4CA11 /* Pods.debug.xcconfig */ = {isa = PBXFileReference; includeInIndex = 1; lastKnownFileType = text.xcconfig; name = Pods.debug.xcconfig; path = "Pods/Target Support Files/Pods/Pods.debug.xcconfig"; sourceTree = "<group>"; };
/* End PBXFileReference section */

/* Begin PBXFrameworksBuildPhase section */
		7D21A7071B66C0DE00CF9128 /* Frameworks */ = {
			isa = PBXFrameworksBuildPhase;
			buildActionMask = 2147483647;
			files = (
				7D21A73F1B66C79500CF9128 /* CoreLocation.framework in Frameworks */,
			);
			runOnlyForDeploymentPostprocessing = 0;
		};
		7D21A71B1B66C0DE00CF9128 /* Frameworks */ = {
			isa = PBXFrameworksBuildPhase;
			buildActionMask = 2147483647;
			files = (
				7DEF25ED1B67E93D00BDC8C5 /* MapKit.framework in Frameworks */,
				7D21A7641B67D64600CF9128 /* AddressBook.framework in Frameworks */,
				7D21A7591B67B3C500CF9128 /* CoreLocation.framework in Frameworks */,
				B0308E60B7453B73DD43462E /* Pods.framework in Frameworks */,
			);
			runOnlyForDeploymentPostprocessing = 0;
		};
		7D21A7261B66C0DE00CF9128 /* Frameworks */ = {
			isa = PBXFrameworksBuildPhase;
			buildActionMask = 2147483647;
			files = (
			);
			runOnlyForDeploymentPostprocessing = 0;
		};
/* End PBXFrameworksBuildPhase section */

/* Begin PBXGroup section */
		120BBE8455951BFA131580B8 /* Pods */ = {
			isa = PBXGroup;
			children = (
				B58F0DE8E1CEBDD4C2E4CA11 /* Pods.debug.xcconfig */,
				09B1A9B36DE4569019DF901E /* Pods.release.xcconfig */,
			);
			name = Pods;
			sourceTree = "<group>";
		};
		7D21A7011B66C0DE00CF9128 = {
			isa = PBXGroup;
			children = (
				7DEF25EC1B67E93D00BDC8C5 /* MapKit.framework */,
				7D21A7631B67D64600CF9128 /* AddressBook.framework */,
				7D21A73E1B66C79500CF9128 /* CoreLocation.framework */,
				7D21A70C1B66C0DE00CF9128 /* Rain Shield */,
				7D21A7211B66C0DE00CF9128 /* Rain ShieldTests */,
				7D21A72C1B66C0DE00CF9128 /* Rain ShieldUITests */,
				7D21A70B1B66C0DE00CF9128 /* Products */,
				120BBE8455951BFA131580B8 /* Pods */,
				FFEDF11D92A954F0354D2842 /* Frameworks */,
			);
			sourceTree = "<group>";
		};
		7D21A70B1B66C0DE00CF9128 /* Products */ = {
			isa = PBXGroup;
			children = (
				7D21A70A1B66C0DE00CF9128 /* Rain Shield.app */,
				7D21A71E1B66C0DE00CF9128 /* Rain ShieldTests.xctest */,
				7D21A7291B66C0DE00CF9128 /* Rain ShieldUITests.xctest */,
			);
			name = Products;
			sourceTree = "<group>";
		};
		7D21A70C1B66C0DE00CF9128 /* Rain Shield */ = {
			isa = PBXGroup;
			children = (
				7D21A7421B677E7B00CF9128 /* Localizable */,
				7D21A74D1B67818700CF9128 /* Helpers */,
				7D21A73B1B66C6FA00CF9128 /* Models */,
				7D21A70D1B66C0DE00CF9128 /* AppDelegate.swift */,
				7D21A70F1B66C0DE00CF9128 /* ViewController.swift */,
				7D21A7111B66C0DE00CF9128 /* Main.storyboard */,
				7D21A7141B66C0DE00CF9128 /* Assets.xcassets */,
				7D21A7161B66C0DE00CF9128 /* LaunchScreen.storyboard */,
				7D21A7191B66C0DE00CF9128 /* Info.plist */,
			);
			path = "Rain Shield";
			sourceTree = "<group>";
		};
		7D21A7211B66C0DE00CF9128 /* Rain ShieldTests */ = {
			isa = PBXGroup;
			children = (
				7D76B1BD1B684950006778DA /* HTTPResponses */,
				7D21A75A1B67BE2B00CF9128 /* Helpers */,
				7D21A7561B67B2A800CF9128 /* Mocks */,
				7D21A7241B66C0DE00CF9128 /* Info.plist */,
				7D21A7541B67B25000CF9128 /* LocationProviderTests.swift */,
				7D21A7671B67DABC00CF9128 /* CityTests.swift */,
				7DEF25F91B68140700BDC8C5 /* WeatherURLBuilderTests.swift */,
				7D76B1B91B68484C006778DA /* WeatherForecastProviderTests.swift */,
				7D76B1C31B68E522006778DA /* ProphetTests.swift */,
				7D76B1BE1B68C500006778DA /* Rain_Shield-Tests-Bridging-Header.h */,
				7D76B1C71B68EC29006778DA /* ForecastItemTests.swift */,
			);
			path = "Rain ShieldTests";
			sourceTree = "<group>";
		};
		7D21A72C1B66C0DE00CF9128 /* Rain ShieldUITests */ = {
			isa = PBXGroup;
			children = (
				7D21A72D1B66C0DE00CF9128 /* Rain_ShieldUITests.swift */,
				7D21A72F1B66C0DE00CF9128 /* Info.plist */,
			);
			path = "Rain ShieldUITests";
			sourceTree = "<group>";
		};
		7D21A73B1B66C6FA00CF9128 /* Models */ = {
			isa = PBXGroup;
			children = (
				7DEF25F41B67FD6000BDC8C5 /* Data */,
				7D21A73C1B66C73100CF9128 /* LocationProvider.swift */,
				7DEF25F01B67FCE500BDC8C5 /* WeatherForecastProvider.swift */,
				7DEF25F71B6807EA00BDC8C5 /* WeatherURLBuilder.swift */,
				7DEF25F51B67FECB00BDC8C5 /* NetworkManager.swift */,
				7D76B1C11B68D9FC006778DA /* Prophet.swift */,
				7D56C3A31B690AD2001D5C69 /* WeatherPresenter.swift */,
			);
			name = Models;
			sourceTree = "<group>";
		};
		7D21A7421B677E7B00CF9128 /* Localizable */ = {
			isa = PBXGroup;
			children = (
				7D21A7471B677F5100CF9128 /* InfoPlist.strings */,
				7D21A74C1B677FB200CF9128 /* Localizable.strings */,
			);
			name = Localizable;
			sourceTree = "<group>";
		};
		7D21A74D1B67818700CF9128 /* Helpers */ = {
			isa = PBXGroup;
			children = (
				7D21A7501B6781BC00CF9128 /* LocalizationHelper.swift */,
				7D21A7521B679C6000CF9128 /* ErrorHelper.swift */,
				7D76B1C51B68E585006778DA /* DateHelper.swift */,
			);
			name = Helpers;
			sourceTree = "<group>";
		};
		7D21A7561B67B2A800CF9128 /* Mocks */ = {
			isa = PBXGroup;
			children = (
				7D21A7571B67B2DF00CF9128 /* LocationManagerMock.swift */,
			);
			name = Mocks;
			sourceTree = "<group>";
		};
		7D21A75A1B67BE2B00CF9128 /* Helpers */ = {
			isa = PBXGroup;
			children = (
				7D21A75B1B67BE5900CF9128 /* LocationProviderDelegateTester.swift */,
				7D76B1BF1B68C650006778DA /* HTTPStubHelper.swift */,
			);
			name = Helpers;
			sourceTree = "<group>";
		};
		7D76B1BD1B684950006778DA /* HTTPResponses */ = {
			isa = PBXGroup;
			children = (
				7D76B1BB1B684940006778DA /* WeatherForecastResponse.json */,
			);
			name = HTTPResponses;
			sourceTree = "<group>";
		};
		7DEF25F41B67FD6000BDC8C5 /* Data */ = {
			isa = PBXGroup;
			children = (
				7DEF25F21B67FD5300BDC8C5 /* WeatherForecast.swift */,
				7D76B1B51B6843F1006778DA /* City.swift */,
				7D76B1B71B684422006778DA /* ForecastItem.swift */,
			);
			name = Data;
			sourceTree = "<group>";
		};
		FFEDF11D92A954F0354D2842 /* Frameworks */ = {
			isa = PBXGroup;
			children = (
				103EC766695AC2D991B447DE /* Pods.framework */,
			);
			name = Frameworks;
			sourceTree = "<group>";
		};
/* End PBXGroup section */

/* Begin PBXNativeTarget section */
		7D21A7091B66C0DE00CF9128 /* Rain Shield */ = {
			isa = PBXNativeTarget;
			buildConfigurationList = 7D21A7321B66C0DE00CF9128 /* Build configuration list for PBXNativeTarget "Rain Shield" */;
			buildPhases = (
				7D21A7061B66C0DE00CF9128 /* Sources */,
				7D21A7071B66C0DE00CF9128 /* Frameworks */,
				7D21A7081B66C0DE00CF9128 /* Resources */,
			);
			buildRules = (
			);
			dependencies = (
			);
			name = "Rain Shield";
			productName = "Rain Shield";
			productReference = 7D21A70A1B66C0DE00CF9128 /* Rain Shield.app */;
			productType = "com.apple.product-type.application";
		};
		7D21A71D1B66C0DE00CF9128 /* Rain ShieldTests */ = {
			isa = PBXNativeTarget;
			buildConfigurationList = 7D21A7351B66C0DE00CF9128 /* Build configuration list for PBXNativeTarget "Rain ShieldTests" */;
			buildPhases = (
				E2FA433074709E19B1EEF825 /* Check Pods Manifest.lock */,
				7D21A71A1B66C0DE00CF9128 /* Sources */,
				7D21A71B1B66C0DE00CF9128 /* Frameworks */,
				7D21A71C1B66C0DE00CF9128 /* Resources */,
				AE53E81EA5BB7FD1E05BD605 /* Embed Pods Frameworks */,
				6BD7CBE7F708FA733DDDB070 /* Copy Pods Resources */,
			);
			buildRules = (
			);
			dependencies = (
				7D21A7201B66C0DE00CF9128 /* PBXTargetDependency */,
			);
			name = "Rain ShieldTests";
			productName = "Rain ShieldTests";
			productReference = 7D21A71E1B66C0DE00CF9128 /* Rain ShieldTests.xctest */;
			productType = "com.apple.product-type.bundle.unit-test";
		};
		7D21A7281B66C0DE00CF9128 /* Rain ShieldUITests */ = {
			isa = PBXNativeTarget;
			buildConfigurationList = 7D21A7381B66C0DE00CF9128 /* Build configuration list for PBXNativeTarget "Rain ShieldUITests" */;
			buildPhases = (
				7D21A7251B66C0DE00CF9128 /* Sources */,
				7D21A7261B66C0DE00CF9128 /* Frameworks */,
				7D21A7271B66C0DE00CF9128 /* Resources */,
			);
			buildRules = (
			);
			dependencies = (
				7D21A72B1B66C0DE00CF9128 /* PBXTargetDependency */,
			);
			name = "Rain ShieldUITests";
			productName = "Rain ShieldUITests";
			productReference = 7D21A7291B66C0DE00CF9128 /* Rain ShieldUITests.xctest */;
			productType = "com.apple.product-type.bundle.ui-testing";
		};
/* End PBXNativeTarget section */

/* Begin PBXProject section */
		7D21A7021B66C0DE00CF9128 /* Project object */ = {
			isa = PBXProject;
			attributes = {
				LastSwiftUpdateCheck = 0700;
				LastUpgradeCheck = 0700;
				ORGANIZATIONNAME = kreftmichal;
				TargetAttributes = {
					7D21A7091B66C0DE00CF9128 = {
						CreatedOnToolsVersion = 7.0;
					};
					7D21A71D1B66C0DE00CF9128 = {
						CreatedOnToolsVersion = 7.0;
						TestTargetID = 7D21A7091B66C0DE00CF9128;
					};
					7D21A7281B66C0DE00CF9128 = {
						CreatedOnToolsVersion = 7.0;
						TestTargetID = 7D21A7091B66C0DE00CF9128;
					};
				};
			};
			buildConfigurationList = 7D21A7051B66C0DE00CF9128 /* Build configuration list for PBXProject "Rain Shield" */;
			compatibilityVersion = "Xcode 3.2";
			developmentRegion = English;
			hasScannedForEncodings = 0;
			knownRegions = (
				en,
				Base,
			);
			mainGroup = 7D21A7011B66C0DE00CF9128;
			productRefGroup = 7D21A70B1B66C0DE00CF9128 /* Products */;
			projectDirPath = "";
			projectRoot = "";
			targets = (
				7D21A7091B66C0DE00CF9128 /* Rain Shield */,
				7D21A71D1B66C0DE00CF9128 /* Rain ShieldTests */,
				7D21A7281B66C0DE00CF9128 /* Rain ShieldUITests */,
			);
		};
/* End PBXProject section */

/* Begin PBXResourcesBuildPhase section */
		7D21A7081B66C0DE00CF9128 /* Resources */ = {
			isa = PBXResourcesBuildPhase;
			buildActionMask = 2147483647;
			files = (
				7D21A74A1B677FB200CF9128 /* Localizable.strings in Resources */,
				7D21A7181B66C0DE00CF9128 /* LaunchScreen.storyboard in Resources */,
				7D21A7451B677F5100CF9128 /* InfoPlist.strings in Resources */,
				7D21A7151B66C0DE00CF9128 /* Assets.xcassets in Resources */,
				7D21A7131B66C0DE00CF9128 /* Main.storyboard in Resources */,
			);
			runOnlyForDeploymentPostprocessing = 0;
		};
		7D21A71C1B66C0DE00CF9128 /* Resources */ = {
			isa = PBXResourcesBuildPhase;
			buildActionMask = 2147483647;
			files = (
				7D76B1BC1B684940006778DA /* WeatherForecastResponse.json in Resources */,
			);
			runOnlyForDeploymentPostprocessing = 0;
		};
		7D21A7271B66C0DE00CF9128 /* Resources */ = {
			isa = PBXResourcesBuildPhase;
			buildActionMask = 2147483647;
			files = (
			);
			runOnlyForDeploymentPostprocessing = 0;
		};
/* End PBXResourcesBuildPhase section */

/* Begin PBXShellScriptBuildPhase section */
		6BD7CBE7F708FA733DDDB070 /* Copy Pods Resources */ = {
			isa = PBXShellScriptBuildPhase;
			buildActionMask = 2147483647;
			files = (
			);
			inputPaths = (
			);
			name = "Copy Pods Resources";
			outputPaths = (
			);
			runOnlyForDeploymentPostprocessing = 0;
			shellPath = /bin/sh;
			shellScript = "\"${SRCROOT}/Pods/Target Support Files/Pods/Pods-resources.sh\"\n";
			showEnvVarsInLog = 0;
		};
		AE53E81EA5BB7FD1E05BD605 /* Embed Pods Frameworks */ = {
			isa = PBXShellScriptBuildPhase;
			buildActionMask = 2147483647;
			files = (
			);
			inputPaths = (
			);
			name = "Embed Pods Frameworks";
			outputPaths = (
			);
			runOnlyForDeploymentPostprocessing = 0;
			shellPath = /bin/sh;
			shellScript = "\"${SRCROOT}/Pods/Target Support Files/Pods/Pods-frameworks.sh\"\n";
			showEnvVarsInLog = 0;
		};
		E2FA433074709E19B1EEF825 /* Check Pods Manifest.lock */ = {
			isa = PBXShellScriptBuildPhase;
			buildActionMask = 2147483647;
			files = (
			);
			inputPaths = (
			);
			name = "Check Pods Manifest.lock";
			outputPaths = (
			);
			runOnlyForDeploymentPostprocessing = 0;
			shellPath = /bin/sh;
			shellScript = "diff \"${PODS_ROOT}/../Podfile.lock\" \"${PODS_ROOT}/Manifest.lock\" > /dev/null\nif [[ $? != 0 ]] ; then\n    cat << EOM\nerror: The sandbox is not in sync with the Podfile.lock. Run 'pod install' or update your CocoaPods installation.\nEOM\n    exit 1\nfi\n";
			showEnvVarsInLog = 0;
		};
/* End PBXShellScriptBuildPhase section */

/* Begin PBXSourcesBuildPhase section */
		7D21A7061B66C0DE00CF9128 /* Sources */ = {
			isa = PBXSourcesBuildPhase;
			buildActionMask = 2147483647;
			files = (
				7DEF25F61B67FECB00BDC8C5 /* NetworkManager.swift in Sources */,
				7DEF25F31B67FD5300BDC8C5 /* WeatherForecast.swift in Sources */,
				7D21A7511B6781BC00CF9128 /* LocalizationHelper.swift in Sources */,
				7DEF25F11B67FCE500BDC8C5 /* WeatherForecastProvider.swift in Sources */,
				7D21A73D1B66C73100CF9128 /* LocationProvider.swift in Sources */,
				7D21A7531B679C6000CF9128 /* ErrorHelper.swift in Sources */,
				7D76B1B81B684422006778DA /* ForecastItem.swift in Sources */,
				7D76B1B61B6843F1006778DA /* City.swift in Sources */,
				7D76B1C61B68E585006778DA /* DateHelper.swift in Sources */,
				7D56C3A41B690AD2001D5C69 /* WeatherPresenter.swift in Sources */,
				7D21A7101B66C0DE00CF9128 /* ViewController.swift in Sources */,
				7DEF25F81B6807EA00BDC8C5 /* WeatherURLBuilder.swift in Sources */,
				7D76B1C21B68D9FC006778DA /* Prophet.swift in Sources */,
				7D21A70E1B66C0DE00CF9128 /* AppDelegate.swift in Sources */,
			);
			runOnlyForDeploymentPostprocessing = 0;
		};
		7D21A71A1B66C0DE00CF9128 /* Sources */ = {
			isa = PBXSourcesBuildPhase;
			buildActionMask = 2147483647;
			files = (
				7D21A75C1B67BE5900CF9128 /* LocationProviderDelegateTester.swift in Sources */,
				7D21A7551B67B25000CF9128 /* LocationProviderTests.swift in Sources */,
				7D76B1C81B68EC29006778DA /* ForecastItemTests.swift in Sources */,
				7D76B1C41B68E522006778DA /* ProphetTests.swift in Sources */,
				7D76B1BA1B68484C006778DA /* WeatherForecastProviderTests.swift in Sources */,
				7D21A7581B67B2DF00CF9128 /* LocationManagerMock.swift in Sources */,
				7D76B1C01B68C650006778DA /* HTTPStubHelper.swift in Sources */,
				7DEF25FA1B68140700BDC8C5 /* WeatherURLBuilderTests.swift in Sources */,
				7D21A7681B67DABC00CF9128 /* CityTests.swift in Sources */,
			);
			runOnlyForDeploymentPostprocessing = 0;
		};
		7D21A7251B66C0DE00CF9128 /* Sources */ = {
			isa = PBXSourcesBuildPhase;
			buildActionMask = 2147483647;
			files = (
				7D21A72E1B66C0DE00CF9128 /* Rain_ShieldUITests.swift in Sources */,
			);
			runOnlyForDeploymentPostprocessing = 0;
		};
/* End PBXSourcesBuildPhase section */

/* Begin PBXTargetDependency section */
		7D21A7201B66C0DE00CF9128 /* PBXTargetDependency */ = {
			isa = PBXTargetDependency;
			target = 7D21A7091B66C0DE00CF9128 /* Rain Shield */;
			targetProxy = 7D21A71F1B66C0DE00CF9128 /* PBXContainerItemProxy */;
		};
		7D21A72B1B66C0DE00CF9128 /* PBXTargetDependency */ = {
			isa = PBXTargetDependency;
			target = 7D21A7091B66C0DE00CF9128 /* Rain Shield */;
			targetProxy = 7D21A72A1B66C0DE00CF9128 /* PBXContainerItemProxy */;
		};
/* End PBXTargetDependency section */

/* Begin PBXVariantGroup section */
		7D21A7111B66C0DE00CF9128 /* Main.storyboard */ = {
			isa = PBXVariantGroup;
			children = (
				7D21A7121B66C0DE00CF9128 /* Base */,
			);
			name = Main.storyboard;
			sourceTree = "<group>";
		};
		7D21A7161B66C0DE00CF9128 /* LaunchScreen.storyboard */ = {
			isa = PBXVariantGroup;
			children = (
				7D21A7171B66C0DE00CF9128 /* Base */,
			);
			name = LaunchScreen.storyboard;
			sourceTree = "<group>";
		};
		7D21A7471B677F5100CF9128 /* InfoPlist.strings */ = {
			isa = PBXVariantGroup;
			children = (
				7D21A7461B677F5100CF9128 /* en */,
			);
			name = InfoPlist.strings;
			path = Localizable;
			sourceTree = "<group>";
		};
		7D21A74C1B677FB200CF9128 /* Localizable.strings */ = {
			isa = PBXVariantGroup;
			children = (
				7D21A74B1B677FB200CF9128 /* en */,
			);
			name = Localizable.strings;
			path = Localizable;
			sourceTree = "<group>";
		};
/* End PBXVariantGroup section */

/* Begin XCBuildConfiguration section */
		7D21A7301B66C0DE00CF9128 /* Debug */ = {
			isa = XCBuildConfiguration;
			buildSettings = {
				ALWAYS_SEARCH_USER_PATHS = NO;
				CLANG_CXX_LANGUAGE_STANDARD = "gnu++0x";
				CLANG_CXX_LIBRARY = "libc++";
				CLANG_ENABLE_MODULES = YES;
				CLANG_ENABLE_OBJC_ARC = YES;
				CLANG_WARN_BOOL_CONVERSION = YES;
				CLANG_WARN_CONSTANT_CONVERSION = YES;
				CLANG_WARN_DIRECT_OBJC_ISA_USAGE = YES_ERROR;
				CLANG_WARN_EMPTY_BODY = YES;
				CLANG_WARN_ENUM_CONVERSION = YES;
				CLANG_WARN_INT_CONVERSION = YES;
				CLANG_WARN_OBJC_ROOT_CLASS = YES_ERROR;
				CLANG_WARN_UNREACHABLE_CODE = YES;
				CLANG_WARN__DUPLICATE_METHOD_MATCH = YES;
				"CODE_SIGN_IDENTITY[sdk=iphoneos*]" = "iPhone Developer";
				COPY_PHASE_STRIP = NO;
				DEBUG_INFORMATION_FORMAT = dwarf;
				ENABLE_STRICT_OBJC_MSGSEND = YES;
				ENABLE_TESTABILITY = YES;
				GCC_C_LANGUAGE_STANDARD = gnu99;
				GCC_DYNAMIC_NO_PIC = NO;
				GCC_NO_COMMON_BLOCKS = YES;
				GCC_OPTIMIZATION_LEVEL = 0;
				GCC_PREPROCESSOR_DEFINITIONS = (
					"DEBUG=1",
					"$(inherited)",
				);
				GCC_WARN_64_TO_32_BIT_CONVERSION = YES;
				GCC_WARN_ABOUT_RETURN_TYPE = YES_ERROR;
				GCC_WARN_UNDECLARED_SELECTOR = YES;
				GCC_WARN_UNINITIALIZED_AUTOS = YES_AGGRESSIVE;
				GCC_WARN_UNUSED_FUNCTION = YES;
				GCC_WARN_UNUSED_VARIABLE = YES;
				IPHONEOS_DEPLOYMENT_TARGET = 9.0;
				MTL_ENABLE_DEBUG_INFO = YES;
				ONLY_ACTIVE_ARCH = YES;
				SDKROOT = iphoneos;
				SWIFT_OPTIMIZATION_LEVEL = "-Onone";
				TARGETED_DEVICE_FAMILY = "1,2";
			};
			name = Debug;
		};
		7D21A7311B66C0DE00CF9128 /* Release */ = {
			isa = XCBuildConfiguration;
			buildSettings = {
				ALWAYS_SEARCH_USER_PATHS = NO;
				CLANG_CXX_LANGUAGE_STANDARD = "gnu++0x";
				CLANG_CXX_LIBRARY = "libc++";
				CLANG_ENABLE_MODULES = YES;
				CLANG_ENABLE_OBJC_ARC = YES;
				CLANG_WARN_BOOL_CONVERSION = YES;
				CLANG_WARN_CONSTANT_CONVERSION = YES;
				CLANG_WARN_DIRECT_OBJC_ISA_USAGE = YES_ERROR;
				CLANG_WARN_EMPTY_BODY = YES;
				CLANG_WARN_ENUM_CONVERSION = YES;
				CLANG_WARN_INT_CONVERSION = YES;
				CLANG_WARN_OBJC_ROOT_CLASS = YES_ERROR;
				CLANG_WARN_UNREACHABLE_CODE = YES;
				CLANG_WARN__DUPLICATE_METHOD_MATCH = YES;
				"CODE_SIGN_IDENTITY[sdk=iphoneos*]" = "iPhone Developer";
				COPY_PHASE_STRIP = NO;
				DEBUG_INFORMATION_FORMAT = "dwarf-with-dsym";
				ENABLE_NS_ASSERTIONS = NO;
				ENABLE_STRICT_OBJC_MSGSEND = YES;
				GCC_C_LANGUAGE_STANDARD = gnu99;
				GCC_NO_COMMON_BLOCKS = YES;
				GCC_WARN_64_TO_32_BIT_CONVERSION = YES;
				GCC_WARN_ABOUT_RETURN_TYPE = YES_ERROR;
				GCC_WARN_UNDECLARED_SELECTOR = YES;
				GCC_WARN_UNINITIALIZED_AUTOS = YES_AGGRESSIVE;
				GCC_WARN_UNUSED_FUNCTION = YES;
				GCC_WARN_UNUSED_VARIABLE = YES;
				IPHONEOS_DEPLOYMENT_TARGET = 9.0;
				MTL_ENABLE_DEBUG_INFO = NO;
				SDKROOT = iphoneos;
				TARGETED_DEVICE_FAMILY = "1,2";
				VALIDATE_PRODUCT = YES;
			};
			name = Release;
		};
		7D21A7331B66C0DE00CF9128 /* Debug */ = {
			isa = XCBuildConfiguration;
			buildSettings = {
				ASSETCATALOG_COMPILER_APPICON_NAME = AppIcon;
				INFOPLIST_FILE = "Rain Shield/Info.plist";
				IPHONEOS_DEPLOYMENT_TARGET = 8.0;
				LD_RUNPATH_SEARCH_PATHS = "$(inherited) @executable_path/Frameworks";
				PRODUCT_BUNDLE_IDENTIFIER = "com.kreftmichal.Rain-Shield";
				PRODUCT_NAME = "$(TARGET_NAME)";
			};
			name = Debug;
		};
		7D21A7341B66C0DE00CF9128 /* Release */ = {
			isa = XCBuildConfiguration;
			buildSettings = {
				ASSETCATALOG_COMPILER_APPICON_NAME = AppIcon;
				INFOPLIST_FILE = "Rain Shield/Info.plist";
				IPHONEOS_DEPLOYMENT_TARGET = 8.0;
				LD_RUNPATH_SEARCH_PATHS = "$(inherited) @executable_path/Frameworks";
				PRODUCT_BUNDLE_IDENTIFIER = "com.kreftmichal.Rain-Shield";
				PRODUCT_NAME = "$(TARGET_NAME)";
			};
			name = Release;
		};
		7D21A7361B66C0DE00CF9128 /* Debug */ = {
			isa = XCBuildConfiguration;
			baseConfigurationReference = B58F0DE8E1CEBDD4C2E4CA11 /* Pods.debug.xcconfig */;
			buildSettings = {
				BUNDLE_LOADER = "$(TEST_HOST)";
				INFOPLIST_FILE = "Rain ShieldTests/Info.plist";
				LD_RUNPATH_SEARCH_PATHS = "$(inherited) @executable_path/Frameworks @loader_path/Frameworks";
				PRODUCT_BUNDLE_IDENTIFIER = "com.kreftmichal.Rain-ShieldTests";
				PRODUCT_NAME = "$(TARGET_NAME)";
				SWIFT_OBJC_BRIDGING_HEADER = "Rain ShieldTests/Rain_Shield-Tests-Bridging-Header.h";
				TEST_HOST = "$(BUILT_PRODUCTS_DIR)/Rain Shield.app/Rain Shield";
			};
			name = Debug;
		};
		7D21A7371B66C0DE00CF9128 /* Release */ = {
			isa = XCBuildConfiguration;
			baseConfigurationReference = 09B1A9B36DE4569019DF901E /* Pods.release.xcconfig */;
			buildSettings = {
				BUNDLE_LOADER = "$(TEST_HOST)";
				INFOPLIST_FILE = "Rain ShieldTests/Info.plist";
				LD_RUNPATH_SEARCH_PATHS = "$(inherited) @executable_path/Frameworks @loader_path/Frameworks";
				PRODUCT_BUNDLE_IDENTIFIER = "com.kreftmichal.Rain-ShieldTests";
				PRODUCT_NAME = "$(TARGET_NAME)";
				SWIFT_OBJC_BRIDGING_HEADER = "Rain ShieldTests/Rain_Shield-Tests-Bridging-Header.h";
				TEST_HOST = "$(BUILT_PRODUCTS_DIR)/Rain Shield.app/Rain Shield";
			};
			name = Release;
		};
		7D21A7391B66C0DE00CF9128 /* Debug */ = {
			isa = XCBuildConfiguration;
			buildSettings = {
				INFOPLIST_FILE = "Rain ShieldUITests/Info.plist";
				LD_RUNPATH_SEARCH_PATHS = "$(inherited) @executable_path/Frameworks @loader_path/Frameworks";
				PRODUCT_BUNDLE_IDENTIFIER = "com.kreftmichal.Rain-ShieldUITests";
				PRODUCT_NAME = "$(TARGET_NAME)";
				TEST_TARGET_NAME = "Rain Shield";
				USES_XCTRUNNER = YES;
			};
			name = Debug;
		};
		7D21A73A1B66C0DE00CF9128 /* Release */ = {
			isa = XCBuildConfiguration;
			buildSettings = {
				INFOPLIST_FILE = "Rain ShieldUITests/Info.plist";
				LD_RUNPATH_SEARCH_PATHS = "$(inherited) @executable_path/Frameworks @loader_path/Frameworks";
				PRODUCT_BUNDLE_IDENTIFIER = "com.kreftmichal.Rain-ShieldUITests";
				PRODUCT_NAME = "$(TARGET_NAME)";
				TEST_TARGET_NAME = "Rain Shield";
				USES_XCTRUNNER = YES;
			};
			name = Release;
		};
/* End XCBuildConfiguration section */

/* Begin XCConfigurationList section */
		7D21A7051B66C0DE00CF9128 /* Build configuration list for PBXProject "Rain Shield" */ = {
			isa = XCConfigurationList;
			buildConfigurations = (
				7D21A7301B66C0DE00CF9128 /* Debug */,
				7D21A7311B66C0DE00CF9128 /* Release */,
			);
			defaultConfigurationIsVisible = 0;
			defaultConfigurationName = Release;
		};
		7D21A7321B66C0DE00CF9128 /* Build configuration list for PBXNativeTarget "Rain Shield" */ = {
			isa = XCConfigurationList;
			buildConfigurations = (
				7D21A7331B66C0DE00CF9128 /* Debug */,
				7D21A7341B66C0DE00CF9128 /* Release */,
			);
			defaultConfigurationIsVisible = 0;
			defaultConfigurationName = Release;
		};
		7D21A7351B66C0DE00CF9128 /* Build configuration list for PBXNativeTarget "Rain ShieldTests" */ = {
			isa = XCConfigurationList;
			buildConfigurations = (
				7D21A7361B66C0DE00CF9128 /* Debug */,
				7D21A7371B66C0DE00CF9128 /* Release */,
			);
			defaultConfigurationIsVisible = 0;
			defaultConfigurationName = Release;
		};
		7D21A7381B66C0DE00CF9128 /* Build configuration list for PBXNativeTarget "Rain ShieldUITests" */ = {
			isa = XCConfigurationList;
			buildConfigurations = (
				7D21A7391B66C0DE00CF9128 /* Debug */,
				7D21A73A1B66C0DE00CF9128 /* Release */,
			);
			defaultConfigurationIsVisible = 0;
			defaultConfigurationName = Release;
		};
/* End XCConfigurationList section */
	};
	rootObject = 7D21A7021B66C0DE00CF9128 /* Project object */;
}
